
Microsoft Visual Studio Solution File, Format Version 12.00
# Visual Studio Version 17
VisualStudioVersion = 17.13.35919.96 d17.13
MinimumVisualStudioVersion = 10.0.40219.1
Project("{FAE04EC0-301F-11D3-BF4B-00C04F79EFBC}") = "CursoPOO", "CursoPOO.csproj", "{CC369DF2-6F59-4280-A84D-6346A45658F2}"
EndProject
Global
	GlobalSection(SolutionConfigurationPlatforms) = preSolution
		Debug|Any CPU = Debug|Any CPU
		Release|Any CPU = Release|Any CPU
	EndGlobalSection
	GlobalSection(ProjectConfigurationPlatforms) = postSolution
		{CC369DF2-6F59-4280-A84D-6346A45658F2}.Debug|Any CPU.ActiveCfg = Debug|Any CPU
		{CC369DF2-6F59-4280-A84D-6346A45658F2}.Debug|Any CPU.Build.0 = Debug|Any CPU
		{CC369DF2-6F59-4280-A84D-6346A45658F2}.Release|Any CPU.ActiveCfg = Release|Any CPU
		{CC369DF2-6F59-4280-A84D-6346A45658F2}.Release|Any CPU.Build.0 = Release|Any CPU
	EndGlobalSection
	GlobalSection(SolutionProperties) = preSolution
		HideSolutionNode = FALSE
	EndGlobalSection
	GlobalSection(ExtensibilityGlobals) = postSolution
		SolutionGuid = {C14E486E-A7C3-41E8-A067-31F54BFF1C85}
	EndGlobalSection
EndGlobal
